// !$*UTF8*$!
{
	archiveVersion = 1;
	classes = {
	};
	objectVersion = 56;
	objects = {

/* Begin PBXBuildFile section */
		5F7C4DE52C3BF43E00182C18 /* AnxietyNotesAppApp.swift in Sources */ = {isa = PBXBuildFile; fileRef = 5F7C4DE42C3BF43E00182C18 /* AnxietyNotesAppApp.swift */; };
		5F7C4DE72C3BF43E00182C18 /* NoteView.swift in Sources */ = {isa = PBXBuildFile; fileRef = 5F7C4DE62C3BF43E00182C18 /* NoteView.swift */; };
		5F7C4DE92C3BF43F00182C18 /* Assets.xcassets in Resources */ = {isa = PBXBuildFile; fileRef = 5F7C4DE82C3BF43F00182C18 /* Assets.xcassets */; };
		5F7C4DED2C3BF43F00182C18 /* Preview Assets.xcassets in Resources */ = {isa = PBXBuildFile; fileRef = 5F7C4DEC2C3BF43F00182C18 /* Preview Assets.xcassets */; };
		5F7C4DF62C3D03B800182C18 /* Feelings.swift in Sources */ = {isa = PBXBuildFile; fileRef = 5F7C4DF52C3D03B800182C18 /* Feelings.swift */; };
		5F7C4DF82C3D16AD00182C18 /* Notes.swift in Sources */ = {isa = PBXBuildFile; fileRef = 5F7C4DF72C3D16AD00182C18 /* Notes.swift */; };
		5FEE43A62C3FAAE20084CC3A /* SentenceEmoEnglish.mlmodel in Sources */ = {isa = PBXBuildFile; fileRef = 5FEE43A42C3FAAE20084CC3A /* SentenceEmoEnglish.mlmodel */; };
		5FEE43A72C3FAAE20084CC3A /* SentenceEmoIndo.mlmodel in Sources */ = {isa = PBXBuildFile; fileRef = 5FEE43A52C3FAAE20084CC3A /* SentenceEmoIndo.mlmodel */; };
		5FEE43B02C3FBAEB0084CC3A /* NoteViewModel.swift in Sources */ = {isa = PBXBuildFile; fileRef = 5FEE43AD2C3FBAEB0084CC3A /* NoteViewModel.swift */; };
		5FEE43B32C3FBB140084CC3A /* String.swift in Sources */ = {isa = PBXBuildFile; fileRef = 5FEE43B22C3FBB140084CC3A /* String.swift */; };
		5FF988812C4128DA00F6F658 /* GradientBackground.swift in Sources */ = {isa = PBXBuildFile; fileRef = 5FF9887D2C4128DA00F6F658 /* GradientBackground.swift */; };
		5FF988822C4128DA00F6F658 /* CardView.swift in Sources */ = {isa = PBXBuildFile; fileRef = 5FF9887E2C4128DA00F6F658 /* CardView.swift */; };
		5FF988832C4128DA00F6F658 /* AddNoteButtonView.swift in Sources */ = {isa = PBXBuildFile; fileRef = 5FF9887F2C4128DA00F6F658 /* AddNoteButtonView.swift */; };
		5FF988842C4128DA00F6F658 /* SmallCardView.swift in Sources */ = {isa = PBXBuildFile; fileRef = 5FF988802C4128DA00F6F658 /* SmallCardView.swift */; };
		5FF988862C4128E600F6F658 /* HomeView.swift in Sources */ = {isa = PBXBuildFile; fileRef = 5FF988852C4128E600F6F658 /* HomeView.swift */; };
		5FF988882C4128FE00F6F658 /* ButtonViewModel.swift in Sources */ = {isa = PBXBuildFile; fileRef = 5FF988872C4128FE00F6F658 /* ButtonViewModel.swift */; };
		5FF9888A2C41290500F6F658 /* GradientBackgroundViewModel.swift in Sources */ = {isa = PBXBuildFile; fileRef = 5FF988892C41290500F6F658 /* GradientBackgroundViewModel.swift */; };
		5FF9888C2C41293600F6F658 /* Localizable.xcstrings in Resources */ = {isa = PBXBuildFile; fileRef = 5FF9888B2C41293600F6F658 /* Localizable.xcstrings */; };
		BF8E06BD2C4234C800DF5234 /* SwiftDataService.swift in Sources */ = {isa = PBXBuildFile; fileRef = BF8E06BC2C4234C800DF5234 /* SwiftDataService.swift */; };
		BF8E06BF2C4236C300DF5234 /* HomeViewModel.swift in Sources */ = {isa = PBXBuildFile; fileRef = BF8E06BE2C4236C300DF5234 /* HomeViewModel.swift */; };
		BF8E06CD2C427D6700DF5234 /* Router.swift in Sources */ = {isa = PBXBuildFile; fileRef = BF8E06CC2C427D6700DF5234 /* Router.swift */; };
		BF8E06D62C427E2600DF5234 /* WidgetKit.framework in Frameworks */ = {isa = PBXBuildFile; fileRef = BF8E06D52C427E2600DF5234 /* WidgetKit.framework */; };
		BF8E06D82C427E2600DF5234 /* SwiftUI.framework in Frameworks */ = {isa = PBXBuildFile; fileRef = BF8E06D72C427E2600DF5234 /* SwiftUI.framework */; };
		BF8E06DB2C427E2600DF5234 /* NewNoteWidgetBundle.swift in Sources */ = {isa = PBXBuildFile; fileRef = BF8E06DA2C427E2600DF5234 /* NewNoteWidgetBundle.swift */; };
		BF8E06DD2C427E2600DF5234 /* NewNoteWidget.swift in Sources */ = {isa = PBXBuildFile; fileRef = BF8E06DC2C427E2600DF5234 /* NewNoteWidget.swift */; };
		BF8E06DF2C427E2800DF5234 /* Assets.xcassets in Resources */ = {isa = PBXBuildFile; fileRef = BF8E06DE2C427E2800DF5234 /* Assets.xcassets */; };
		BF8E06E32C427E2800DF5234 /* NewNoteWidgetExtension.appex in Embed Foundation Extensions */ = {isa = PBXBuildFile; fileRef = BF8E06D32C427E2600DF5234 /* NewNoteWidgetExtension.appex */; settings = {ATTRIBUTES = (RemoveHeadersOnCopy, ); }; };
		D94930CD2C43E66D005C203A /* SwiftDataService.swift in Sources */ = {isa = PBXBuildFile; fileRef = BF8E06BC2C4234C800DF5234 /* SwiftDataService.swift */; };
		D94930CE2C43E676005C203A /* Notes.swift in Sources */ = {isa = PBXBuildFile; fileRef = 5F7C4DF72C3D16AD00182C18 /* Notes.swift */; };
		D94930CF2C43E679005C203A /* Feelings.swift in Sources */ = {isa = PBXBuildFile; fileRef = 5F7C4DF52C3D03B800182C18 /* Feelings.swift */; };
		D94930D32C44EB14005C203A /* SaveNoteView.swift in Sources */ = {isa = PBXBuildFile; fileRef = D94930D22C44EB14005C203A /* SaveNoteView.swift */; };
/* End PBXBuildFile section */

/* Begin PBXContainerItemProxy section */
		BF8E06E12C427E2800DF5234 /* PBXContainerItemProxy */ = {
			isa = PBXContainerItemProxy;
			containerPortal = 5F7C4DD92C3BF43E00182C18 /* Project object */;
			proxyType = 1;
			remoteGlobalIDString = BF8E06D22C427E2600DF5234;
			remoteInfo = NewNoteWidgetExtension;
		};
/* End PBXContainerItemProxy section */

/* Begin PBXCopyFilesBuildPhase section */
		BF8E06E72C427E2800DF5234 /* Embed Foundation Extensions */ = {
			isa = PBXCopyFilesBuildPhase;
			buildActionMask = 12;
			dstPath = "";
			dstSubfolderSpec = 13;
			files = (
				BF8E06E32C427E2800DF5234 /* NewNoteWidgetExtension.appex in Embed Foundation Extensions */,
			);
			name = "Embed Foundation Extensions";
			runOnlyForDeploymentPostprocessing = 0;
		};
/* End PBXCopyFilesBuildPhase section */

/* Begin PBXFileReference section */
		5F7C4DE12C3BF43E00182C18 /* AnxietyNotesApp.app */ = {isa = PBXFileReference; explicitFileType = wrapper.application; includeInIndex = 0; path = AnxietyNotesApp.app; sourceTree = BUILT_PRODUCTS_DIR; };
		5F7C4DE42C3BF43E00182C18 /* AnxietyNotesAppApp.swift */ = {isa = PBXFileReference; lastKnownFileType = sourcecode.swift; path = AnxietyNotesAppApp.swift; sourceTree = "<group>"; };
		5F7C4DE62C3BF43E00182C18 /* NoteView.swift */ = {isa = PBXFileReference; lastKnownFileType = sourcecode.swift; path = NoteView.swift; sourceTree = "<group>"; };
		5F7C4DE82C3BF43F00182C18 /* Assets.xcassets */ = {isa = PBXFileReference; lastKnownFileType = folder.assetcatalog; path = Assets.xcassets; sourceTree = "<group>"; };
		5F7C4DEA2C3BF43F00182C18 /* AnxietyNotesApp.entitlements */ = {isa = PBXFileReference; lastKnownFileType = text.plist.entitlements; path = AnxietyNotesApp.entitlements; sourceTree = "<group>"; };
		5F7C4DEC2C3BF43F00182C18 /* Preview Assets.xcassets */ = {isa = PBXFileReference; lastKnownFileType = folder.assetcatalog; path = "Preview Assets.xcassets"; sourceTree = "<group>"; };
		5F7C4DF52C3D03B800182C18 /* Feelings.swift */ = {isa = PBXFileReference; lastKnownFileType = sourcecode.swift; path = Feelings.swift; sourceTree = "<group>"; };
		5F7C4DF72C3D16AD00182C18 /* Notes.swift */ = {isa = PBXFileReference; lastKnownFileType = sourcecode.swift; path = Notes.swift; sourceTree = "<group>"; };
		5FEE43A42C3FAAE20084CC3A /* SentenceEmoEnglish.mlmodel */ = {isa = PBXFileReference; lastKnownFileType = file.mlmodel; path = SentenceEmoEnglish.mlmodel; sourceTree = "<group>"; };
		5FEE43A52C3FAAE20084CC3A /* SentenceEmoIndo.mlmodel */ = {isa = PBXFileReference; lastKnownFileType = file.mlmodel; path = SentenceEmoIndo.mlmodel; sourceTree = "<group>"; };
		5FEE43AD2C3FBAEB0084CC3A /* NoteViewModel.swift */ = {isa = PBXFileReference; fileEncoding = 4; lastKnownFileType = sourcecode.swift; path = NoteViewModel.swift; sourceTree = "<group>"; };
		5FEE43B22C3FBB140084CC3A /* String.swift */ = {isa = PBXFileReference; lastKnownFileType = sourcecode.swift; path = String.swift; sourceTree = "<group>"; };
		5FF9887D2C4128DA00F6F658 /* GradientBackground.swift */ = {isa = PBXFileReference; fileEncoding = 4; lastKnownFileType = sourcecode.swift; path = GradientBackground.swift; sourceTree = "<group>"; };
		5FF9887E2C4128DA00F6F658 /* CardView.swift */ = {isa = PBXFileReference; fileEncoding = 4; lastKnownFileType = sourcecode.swift; path = CardView.swift; sourceTree = "<group>"; };
		5FF9887F2C4128DA00F6F658 /* AddNoteButtonView.swift */ = {isa = PBXFileReference; fileEncoding = 4; lastKnownFileType = sourcecode.swift; path = AddNoteButtonView.swift; sourceTree = "<group>"; };
		5FF988802C4128DA00F6F658 /* SmallCardView.swift */ = {isa = PBXFileReference; fileEncoding = 4; lastKnownFileType = sourcecode.swift; path = SmallCardView.swift; sourceTree = "<group>"; };
		5FF988852C4128E600F6F658 /* HomeView.swift */ = {isa = PBXFileReference; fileEncoding = 4; lastKnownFileType = sourcecode.swift; path = HomeView.swift; sourceTree = "<group>"; };
		5FF988872C4128FE00F6F658 /* ButtonViewModel.swift */ = {isa = PBXFileReference; fileEncoding = 4; lastKnownFileType = sourcecode.swift; path = ButtonViewModel.swift; sourceTree = "<group>"; };
		5FF988892C41290500F6F658 /* GradientBackgroundViewModel.swift */ = {isa = PBXFileReference; fileEncoding = 4; lastKnownFileType = sourcecode.swift; path = GradientBackgroundViewModel.swift; sourceTree = "<group>"; };
		5FF9888B2C41293600F6F658 /* Localizable.xcstrings */ = {isa = PBXFileReference; fileEncoding = 4; lastKnownFileType = text.json.xcstrings; name = Localizable.xcstrings; path = AnxietyNotesApp/Localizable.xcstrings; sourceTree = SOURCE_ROOT; };
		5FF9888D2C45042300F6F658 /* NewNoteWidgetExtension.entitlements */ = {isa = PBXFileReference; lastKnownFileType = text.plist.entitlements; path = NewNoteWidgetExtension.entitlements; sourceTree = "<group>"; };
		BF8E06BC2C4234C800DF5234 /* SwiftDataService.swift */ = {isa = PBXFileReference; fileEncoding = 4; lastKnownFileType = sourcecode.swift; path = SwiftDataService.swift; sourceTree = "<group>"; };
		BF8E06BE2C4236C300DF5234 /* HomeViewModel.swift */ = {isa = PBXFileReference; lastKnownFileType = sourcecode.swift; path = HomeViewModel.swift; sourceTree = "<group>"; };
		BF8E06CC2C427D6700DF5234 /* Router.swift */ = {isa = PBXFileReference; lastKnownFileType = sourcecode.swift; path = Router.swift; sourceTree = "<group>"; };
		BF8E06CE2C427DCB00DF5234 /* Info.plist */ = {isa = PBXFileReference; lastKnownFileType = text.plist; path = Info.plist; sourceTree = "<group>"; };
		BF8E06D32C427E2600DF5234 /* NewNoteWidgetExtension.appex */ = {isa = PBXFileReference; explicitFileType = "wrapper.app-extension"; includeInIndex = 0; path = NewNoteWidgetExtension.appex; sourceTree = BUILT_PRODUCTS_DIR; };
		BF8E06D52C427E2600DF5234 /* WidgetKit.framework */ = {isa = PBXFileReference; lastKnownFileType = wrapper.framework; name = WidgetKit.framework; path = System/Library/Frameworks/WidgetKit.framework; sourceTree = SDKROOT; };
		BF8E06D72C427E2600DF5234 /* SwiftUI.framework */ = {isa = PBXFileReference; lastKnownFileType = wrapper.framework; name = SwiftUI.framework; path = System/Library/Frameworks/SwiftUI.framework; sourceTree = SDKROOT; };
		BF8E06DA2C427E2600DF5234 /* NewNoteWidgetBundle.swift */ = {isa = PBXFileReference; lastKnownFileType = sourcecode.swift; path = NewNoteWidgetBundle.swift; sourceTree = "<group>"; };
		BF8E06DC2C427E2600DF5234 /* NewNoteWidget.swift */ = {isa = PBXFileReference; lastKnownFileType = sourcecode.swift; path = NewNoteWidget.swift; sourceTree = "<group>"; };
		BF8E06DE2C427E2800DF5234 /* Assets.xcassets */ = {isa = PBXFileReference; lastKnownFileType = folder.assetcatalog; path = Assets.xcassets; sourceTree = "<group>"; };
		BF8E06E02C427E2800DF5234 /* Info.plist */ = {isa = PBXFileReference; lastKnownFileType = text.plist.xml; path = Info.plist; sourceTree = "<group>"; };
		D94930D22C44EB14005C203A /* SaveNoteView.swift */ = {isa = PBXFileReference; lastKnownFileType = sourcecode.swift; path = SaveNoteView.swift; sourceTree = "<group>"; };
/* End PBXFileReference section */

/* Begin PBXFrameworksBuildPhase section */
		5F7C4DDE2C3BF43E00182C18 /* Frameworks */ = {
			isa = PBXFrameworksBuildPhase;
			buildActionMask = 2147483647;
			files = (
			);
			runOnlyForDeploymentPostprocessing = 0;
		};
		BF8E06D02C427E2600DF5234 /* Frameworks */ = {
			isa = PBXFrameworksBuildPhase;
			buildActionMask = 2147483647;
			files = (
				BF8E06D82C427E2600DF5234 /* SwiftUI.framework in Frameworks */,
				BF8E06D62C427E2600DF5234 /* WidgetKit.framework in Frameworks */,
			);
			runOnlyForDeploymentPostprocessing = 0;
		};
/* End PBXFrameworksBuildPhase section */

/* Begin PBXGroup section */
		5F7C4DD82C3BF43E00182C18 = {
			isa = PBXGroup;
			children = (
				5FF9888D2C45042300F6F658 /* NewNoteWidgetExtension.entitlements */,
				5F7C4DE32C3BF43E00182C18 /* AnxietyNotesApp */,
				BF8E06D92C427E2600DF5234 /* NewNoteWidget */,
				BF8E06D42C427E2600DF5234 /* Frameworks */,
				5F7C4DE22C3BF43E00182C18 /* Products */,
			);
			sourceTree = "<group>";
		};
		5F7C4DE22C3BF43E00182C18 /* Products */ = {
			isa = PBXGroup;
			children = (
				5F7C4DE12C3BF43E00182C18 /* AnxietyNotesApp.app */,
				BF8E06D32C427E2600DF5234 /* NewNoteWidgetExtension.appex */,
			);
			name = Products;
			sourceTree = "<group>";
		};
		5F7C4DE32C3BF43E00182C18 /* AnxietyNotesApp */ = {
			isa = PBXGroup;
			children = (
				BF8E06CE2C427DCB00DF5234 /* Info.plist */,
				BF8E06CB2C427D3E00DF5234 /* Router */,
				BF8E06BB2C4234C800DF5234 /* SwiftData */,
				5FEE43AC2C3FBA6C0084CC3A /* Extensions */,
				5FEE43A02C3FA71D0084CC3A /* MachineLearningModels */,
				5FEE43AF2C3FBAEB0084CC3A /* ViewModels */,
				5FEE43AB2C3FB0D20084CC3A /* Views */,
				5F7C4DF92C3D17F700182C18 /* Models */,
				5F7C4DE42C3BF43E00182C18 /* AnxietyNotesAppApp.swift */,
				5F7C4DE82C3BF43F00182C18 /* Assets.xcassets */,
				5FF9888B2C41293600F6F658 /* Localizable.xcstrings */,
				5F7C4DEA2C3BF43F00182C18 /* AnxietyNotesApp.entitlements */,
				5F7C4DEB2C3BF43F00182C18 /* Preview Content */,
			);
			path = AnxietyNotesApp;
			sourceTree = "<group>";
		};
		5F7C4DEB2C3BF43F00182C18 /* Preview Content */ = {
			isa = PBXGroup;
			children = (
				5F7C4DEC2C3BF43F00182C18 /* Preview Assets.xcassets */,
			);
			path = "Preview Content";
			sourceTree = "<group>";
		};
		5F7C4DF92C3D17F700182C18 /* Models */ = {
			isa = PBXGroup;
			children = (
				5F7C4DF52C3D03B800182C18 /* Feelings.swift */,
				5F7C4DF72C3D16AD00182C18 /* Notes.swift */,
			);
			path = Models;
			sourceTree = "<group>";
		};
		5FEE43A02C3FA71D0084CC3A /* MachineLearningModels */ = {
			isa = PBXGroup;
			children = (
				5FEE43A42C3FAAE20084CC3A /* SentenceEmoEnglish.mlmodel */,
				5FEE43A52C3FAAE20084CC3A /* SentenceEmoIndo.mlmodel */,
			);
			path = MachineLearningModels;
			sourceTree = "<group>";
		};
		5FEE43AB2C3FB0D20084CC3A /* Views */ = {
			isa = PBXGroup;
			children = (
				5FEE43CB2C4125B00084CC3A /* Components */,
				5F7C4DE62C3BF43E00182C18 /* NoteView.swift */,
				5FF988852C4128E600F6F658 /* HomeView.swift */,
				D94930D22C44EB14005C203A /* SaveNoteView.swift */,
			);
			path = Views;
			sourceTree = "<group>";
		};
		5FEE43AC2C3FBA6C0084CC3A /* Extensions */ = {
			isa = PBXGroup;
			children = (
				5FEE43B22C3FBB140084CC3A /* String.swift */,
			);
			path = Extensions;
			sourceTree = "<group>";
		};
		5FEE43AF2C3FBAEB0084CC3A /* ViewModels */ = {
			isa = PBXGroup;
			children = (
				5FEE43C52C4125A40084CC3A /* Components */,
				5FEE43AD2C3FBAEB0084CC3A /* NoteViewModel.swift */,
				5FF988872C4128FE00F6F658 /* ButtonViewModel.swift */,
				BF8E06BE2C4236C300DF5234 /* HomeViewModel.swift */,
			);
			path = ViewModels;
			sourceTree = "<group>";
		};
		5FEE43C52C4125A40084CC3A /* Components */ = {
			isa = PBXGroup;
			children = (
				5FF988892C41290500F6F658 /* GradientBackgroundViewModel.swift */,
			);
			path = Components;
			sourceTree = "<group>";
		};
		5FEE43CB2C4125B00084CC3A /* Components */ = {
			isa = PBXGroup;
			children = (
				5FF9887F2C4128DA00F6F658 /* AddNoteButtonView.swift */,
				5FF9887E2C4128DA00F6F658 /* CardView.swift */,
				5FF9887D2C4128DA00F6F658 /* GradientBackground.swift */,
				5FF988802C4128DA00F6F658 /* SmallCardView.swift */,
			);
			path = Components;
			sourceTree = "<group>";
		};
		BF8E06BB2C4234C800DF5234 /* SwiftData */ = {
			isa = PBXGroup;
			children = (
				BF8E06BC2C4234C800DF5234 /* SwiftDataService.swift */,
			);
			path = SwiftData;
			sourceTree = "<group>";
		};
		BF8E06CB2C427D3E00DF5234 /* Router */ = {
			isa = PBXGroup;
			children = (
				BF8E06CC2C427D6700DF5234 /* Router.swift */,
			);
			path = Router;
			sourceTree = "<group>";
		};
		BF8E06D42C427E2600DF5234 /* Frameworks */ = {
			isa = PBXGroup;
			children = (
				BF8E06D52C427E2600DF5234 /* WidgetKit.framework */,
				BF8E06D72C427E2600DF5234 /* SwiftUI.framework */,
			);
			name = Frameworks;
			sourceTree = "<group>";
		};
		BF8E06D92C427E2600DF5234 /* NewNoteWidget */ = {
			isa = PBXGroup;
			children = (
				BF8E06DA2C427E2600DF5234 /* NewNoteWidgetBundle.swift */,
				BF8E06DC2C427E2600DF5234 /* NewNoteWidget.swift */,
				BF8E06DE2C427E2800DF5234 /* Assets.xcassets */,
				BF8E06E02C427E2800DF5234 /* Info.plist */,
			);
			path = NewNoteWidget;
			sourceTree = "<group>";
		};
/* End PBXGroup section */

/* Begin PBXNativeTarget section */
		5F7C4DE02C3BF43E00182C18 /* AnxietyNotesApp */ = {
			isa = PBXNativeTarget;
			buildConfigurationList = 5F7C4DF02C3BF43F00182C18 /* Build configuration list for PBXNativeTarget "AnxietyNotesApp" */;
			buildPhases = (
				5F7C4DDD2C3BF43E00182C18 /* Sources */,
				5F7C4DDE2C3BF43E00182C18 /* Frameworks */,
				5F7C4DDF2C3BF43E00182C18 /* Resources */,
				BF8E06E72C427E2800DF5234 /* Embed Foundation Extensions */,
			);
			buildRules = (
			);
			dependencies = (
				BF8E06E22C427E2800DF5234 /* PBXTargetDependency */,
			);
			name = AnxietyNotesApp;
			productName = AnxietyNotesApp;
			productReference = 5F7C4DE12C3BF43E00182C18 /* AnxietyNotesApp.app */;
			productType = "com.apple.product-type.application";
		};
		BF8E06D22C427E2600DF5234 /* NewNoteWidgetExtension */ = {
			isa = PBXNativeTarget;
			buildConfigurationList = BF8E06E42C427E2800DF5234 /* Build configuration list for PBXNativeTarget "NewNoteWidgetExtension" */;
			buildPhases = (
				BF8E06CF2C427E2600DF5234 /* Sources */,
				BF8E06D02C427E2600DF5234 /* Frameworks */,
				BF8E06D12C427E2600DF5234 /* Resources */,
			);
			buildRules = (
			);
			dependencies = (
			);
			name = NewNoteWidgetExtension;
			productName = NewNoteWidgetExtension;
			productReference = BF8E06D32C427E2600DF5234 /* NewNoteWidgetExtension.appex */;
			productType = "com.apple.product-type.app-extension";
		};
/* End PBXNativeTarget section */

/* Begin PBXProject section */
		5F7C4DD92C3BF43E00182C18 /* Project object */ = {
			isa = PBXProject;
			attributes = {
				BuildIndependentTargetsInParallel = 1;
				LastSwiftUpdateCheck = 1520;
				LastUpgradeCheck = 1540;
				TargetAttributes = {
					5F7C4DE02C3BF43E00182C18 = {
						CreatedOnToolsVersion = 15.4;
					};
					BF8E06D22C427E2600DF5234 = {
						CreatedOnToolsVersion = 15.2;
					};
				};
			};
			buildConfigurationList = 5F7C4DDC2C3BF43E00182C18 /* Build configuration list for PBXProject "AnxietyNotesApp" */;
			compatibilityVersion = "Xcode 14.0";
			developmentRegion = id;
			hasScannedForEncodings = 0;
			knownRegions = (
				en,
				Base,
				id,
			);
			mainGroup = 5F7C4DD82C3BF43E00182C18;
			productRefGroup = 5F7C4DE22C3BF43E00182C18 /* Products */;
			projectDirPath = "";
			projectRoot = "";
			targets = (
				5F7C4DE02C3BF43E00182C18 /* AnxietyNotesApp */,
				BF8E06D22C427E2600DF5234 /* NewNoteWidgetExtension */,
			);
		};
/* End PBXProject section */

/* Begin PBXResourcesBuildPhase section */
		5F7C4DDF2C3BF43E00182C18 /* Resources */ = {
			isa = PBXResourcesBuildPhase;
			buildActionMask = 2147483647;
			files = (
				5F7C4DED2C3BF43F00182C18 /* Preview Assets.xcassets in Resources */,
				5F7C4DE92C3BF43F00182C18 /* Assets.xcassets in Resources */,
				5FF9888C2C41293600F6F658 /* Localizable.xcstrings in Resources */,
			);
			runOnlyForDeploymentPostprocessing = 0;
		};
		BF8E06D12C427E2600DF5234 /* Resources */ = {
			isa = PBXResourcesBuildPhase;
			buildActionMask = 2147483647;
			files = (
				BF8E06DF2C427E2800DF5234 /* Assets.xcassets in Resources */,
			);
			runOnlyForDeploymentPostprocessing = 0;
		};
/* End PBXResourcesBuildPhase section */

/* Begin PBXSourcesBuildPhase section */
		5F7C4DDD2C3BF43E00182C18 /* Sources */ = {
			isa = PBXSourcesBuildPhase;
			buildActionMask = 2147483647;
			files = (
				BF8E06BF2C4236C300DF5234 /* HomeViewModel.swift in Sources */,
				5FEE43B02C3FBAEB0084CC3A /* NoteViewModel.swift in Sources */,
				5FEE43B32C3FBB140084CC3A /* String.swift in Sources */,
				5FF988862C4128E600F6F658 /* HomeView.swift in Sources */,
				BF8E06CD2C427D6700DF5234 /* Router.swift in Sources */,
				5F7C4DE72C3BF43E00182C18 /* NoteView.swift in Sources */,
				D94930D32C44EB14005C203A /* SaveNoteView.swift in Sources */,
				5F7C4DE52C3BF43E00182C18 /* AnxietyNotesAppApp.swift in Sources */,
				5FF988842C4128DA00F6F658 /* SmallCardView.swift in Sources */,
				5FF988882C4128FE00F6F658 /* ButtonViewModel.swift in Sources */,
				5FF988822C4128DA00F6F658 /* CardView.swift in Sources */,
				5FEE43A72C3FAAE20084CC3A /* SentenceEmoIndo.mlmodel in Sources */,
				BF8E06BD2C4234C800DF5234 /* SwiftDataService.swift in Sources */,
				5FF9888A2C41290500F6F658 /* GradientBackgroundViewModel.swift in Sources */,
				5F7C4DF62C3D03B800182C18 /* Feelings.swift in Sources */,
				5FEE43A62C3FAAE20084CC3A /* SentenceEmoEnglish.mlmodel in Sources */,
				5FF988832C4128DA00F6F658 /* AddNoteButtonView.swift in Sources */,
				5F7C4DF82C3D16AD00182C18 /* Notes.swift in Sources */,
				5FF988812C4128DA00F6F658 /* GradientBackground.swift in Sources */,
			);
			runOnlyForDeploymentPostprocessing = 0;
		};
		BF8E06CF2C427E2600DF5234 /* Sources */ = {
			isa = PBXSourcesBuildPhase;
			buildActionMask = 2147483647;
			files = (
				D94930CD2C43E66D005C203A /* SwiftDataService.swift in Sources */,
				BF8E06DD2C427E2600DF5234 /* NewNoteWidget.swift in Sources */,
				BF8E06DB2C427E2600DF5234 /* NewNoteWidgetBundle.swift in Sources */,
				D94930CE2C43E676005C203A /* Notes.swift in Sources */,
				D94930CF2C43E679005C203A /* Feelings.swift in Sources */,
			);
			runOnlyForDeploymentPostprocessing = 0;
		};
/* End PBXSourcesBuildPhase section */

/* Begin PBXTargetDependency section */
		BF8E06E22C427E2800DF5234 /* PBXTargetDependency */ = {
			isa = PBXTargetDependency;
			target = BF8E06D22C427E2600DF5234 /* NewNoteWidgetExtension */;
			targetProxy = BF8E06E12C427E2800DF5234 /* PBXContainerItemProxy */;
		};
/* End PBXTargetDependency section */

/* Begin XCBuildConfiguration section */
		5F7C4DEE2C3BF43F00182C18 /* Debug */ = {
			isa = XCBuildConfiguration;
			buildSettings = {
				ALWAYS_SEARCH_USER_PATHS = NO;
				ASSETCATALOG_COMPILER_GENERATE_SWIFT_ASSET_SYMBOL_EXTENSIONS = YES;
				CLANG_ANALYZER_NONNULL = YES;
				CLANG_ANALYZER_NUMBER_OBJECT_CONVERSION = YES_AGGRESSIVE;
				CLANG_CXX_LANGUAGE_STANDARD = "gnu++20";
				CLANG_ENABLE_MODULES = YES;
				CLANG_ENABLE_OBJC_ARC = YES;
				CLANG_ENABLE_OBJC_WEAK = YES;
				CLANG_WARN_BLOCK_CAPTURE_AUTORELEASING = YES;
				CLANG_WARN_BOOL_CONVERSION = YES;
				CLANG_WARN_COMMA = YES;
				CLANG_WARN_CONSTANT_CONVERSION = YES;
				CLANG_WARN_DEPRECATED_OBJC_IMPLEMENTATIONS = YES;
				CLANG_WARN_DIRECT_OBJC_ISA_USAGE = YES_ERROR;
				CLANG_WARN_DOCUMENTATION_COMMENTS = YES;
				CLANG_WARN_EMPTY_BODY = YES;
				CLANG_WARN_ENUM_CONVERSION = YES;
				CLANG_WARN_INFINITE_RECURSION = YES;
				CLANG_WARN_INT_CONVERSION = YES;
				CLANG_WARN_NON_LITERAL_NULL_CONVERSION = YES;
				CLANG_WARN_OBJC_IMPLICIT_RETAIN_SELF = YES;
				CLANG_WARN_OBJC_LITERAL_CONVERSION = YES;
				CLANG_WARN_OBJC_ROOT_CLASS = YES_ERROR;
				CLANG_WARN_QUOTED_INCLUDE_IN_FRAMEWORK_HEADER = YES;
				CLANG_WARN_RANGE_LOOP_ANALYSIS = YES;
				CLANG_WARN_STRICT_PROTOTYPES = YES;
				CLANG_WARN_SUSPICIOUS_MOVE = YES;
				CLANG_WARN_UNGUARDED_AVAILABILITY = YES_AGGRESSIVE;
				CLANG_WARN_UNREACHABLE_CODE = YES;
				CLANG_WARN__DUPLICATE_METHOD_MATCH = YES;
				COPY_PHASE_STRIP = NO;
				DEBUG_INFORMATION_FORMAT = dwarf;
				ENABLE_STRICT_OBJC_MSGSEND = YES;
				ENABLE_TESTABILITY = YES;
				ENABLE_USER_SCRIPT_SANDBOXING = YES;
				GCC_C_LANGUAGE_STANDARD = gnu17;
				GCC_DYNAMIC_NO_PIC = NO;
				GCC_NO_COMMON_BLOCKS = YES;
				GCC_OPTIMIZATION_LEVEL = 0;
				GCC_PREPROCESSOR_DEFINITIONS = (
					"DEBUG=1",
					"$(inherited)",
				);
				GCC_WARN_64_TO_32_BIT_CONVERSION = YES;
				GCC_WARN_ABOUT_RETURN_TYPE = YES_ERROR;
				GCC_WARN_UNDECLARED_SELECTOR = YES;
				GCC_WARN_UNINITIALIZED_AUTOS = YES_AGGRESSIVE;
				GCC_WARN_UNUSED_FUNCTION = YES;
				GCC_WARN_UNUSED_VARIABLE = YES;
				LOCALIZATION_PREFERS_STRING_CATALOGS = YES;
				MTL_ENABLE_DEBUG_INFO = INCLUDE_SOURCE;
				MTL_FAST_MATH = YES;
				ONLY_ACTIVE_ARCH = YES;
				SWIFT_ACTIVE_COMPILATION_CONDITIONS = "DEBUG $(inherited)";
				SWIFT_OPTIMIZATION_LEVEL = "-Onone";
			};
			name = Debug;
		};
		5F7C4DEF2C3BF43F00182C18 /* Release */ = {
			isa = XCBuildConfiguration;
			buildSettings = {
				ALWAYS_SEARCH_USER_PATHS = NO;
				ASSETCATALOG_COMPILER_GENERATE_SWIFT_ASSET_SYMBOL_EXTENSIONS = YES;
				CLANG_ANALYZER_NONNULL = YES;
				CLANG_ANALYZER_NUMBER_OBJECT_CONVERSION = YES_AGGRESSIVE;
				CLANG_CXX_LANGUAGE_STANDARD = "gnu++20";
				CLANG_ENABLE_MODULES = YES;
				CLANG_ENABLE_OBJC_ARC = YES;
				CLANG_ENABLE_OBJC_WEAK = YES;
				CLANG_WARN_BLOCK_CAPTURE_AUTORELEASING = YES;
				CLANG_WARN_BOOL_CONVERSION = YES;
				CLANG_WARN_COMMA = YES;
				CLANG_WARN_CONSTANT_CONVERSION = YES;
				CLANG_WARN_DEPRECATED_OBJC_IMPLEMENTATIONS = YES;
				CLANG_WARN_DIRECT_OBJC_ISA_USAGE = YES_ERROR;
				CLANG_WARN_DOCUMENTATION_COMMENTS = YES;
				CLANG_WARN_EMPTY_BODY = YES;
				CLANG_WARN_ENUM_CONVERSION = YES;
				CLANG_WARN_INFINITE_RECURSION = YES;
				CLANG_WARN_INT_CONVERSION = YES;
				CLANG_WARN_NON_LITERAL_NULL_CONVERSION = YES;
				CLANG_WARN_OBJC_IMPLICIT_RETAIN_SELF = YES;
				CLANG_WARN_OBJC_LITERAL_CONVERSION = YES;
				CLANG_WARN_OBJC_ROOT_CLASS = YES_ERROR;
				CLANG_WARN_QUOTED_INCLUDE_IN_FRAMEWORK_HEADER = YES;
				CLANG_WARN_RANGE_LOOP_ANALYSIS = YES;
				CLANG_WARN_STRICT_PROTOTYPES = YES;
				CLANG_WARN_SUSPICIOUS_MOVE = YES;
				CLANG_WARN_UNGUARDED_AVAILABILITY = YES_AGGRESSIVE;
				CLANG_WARN_UNREACHABLE_CODE = YES;
				CLANG_WARN__DUPLICATE_METHOD_MATCH = YES;
				COPY_PHASE_STRIP = NO;
				DEBUG_INFORMATION_FORMAT = "dwarf-with-dsym";
				ENABLE_NS_ASSERTIONS = NO;
				ENABLE_STRICT_OBJC_MSGSEND = YES;
				ENABLE_USER_SCRIPT_SANDBOXING = YES;
				GCC_C_LANGUAGE_STANDARD = gnu17;
				GCC_NO_COMMON_BLOCKS = YES;
				GCC_WARN_64_TO_32_BIT_CONVERSION = YES;
				GCC_WARN_ABOUT_RETURN_TYPE = YES_ERROR;
				GCC_WARN_UNDECLARED_SELECTOR = YES;
				GCC_WARN_UNINITIALIZED_AUTOS = YES_AGGRESSIVE;
				GCC_WARN_UNUSED_FUNCTION = YES;
				GCC_WARN_UNUSED_VARIABLE = YES;
				LOCALIZATION_PREFERS_STRING_CATALOGS = YES;
				MTL_ENABLE_DEBUG_INFO = NO;
				MTL_FAST_MATH = YES;
				SWIFT_COMPILATION_MODE = wholemodule;
			};
			name = Release;
		};
		5F7C4DF12C3BF43F00182C18 /* Debug */ = {
			isa = XCBuildConfiguration;
			buildSettings = {
				ALWAYS_EMBED_SWIFT_STANDARD_LIBRARIES = YES;
				ASSETCATALOG_COMPILER_APPICON_NAME = AppIcon;
				ASSETCATALOG_COMPILER_GLOBAL_ACCENT_COLOR_NAME = AccentColor;
				CODE_SIGN_ENTITLEMENTS = AnxietyNotesApp/AnxietyNotesApp.entitlements;
				CODE_SIGN_STYLE = Automatic;
				CURRENT_PROJECT_VERSION = 1;
				DEVELOPMENT_ASSET_PATHS = "\"AnxietyNotesApp/Preview Content\"";
				DEVELOPMENT_TEAM = RHGD2V8746;
				ENABLE_HARDENED_RUNTIME = YES;
				ENABLE_PREVIEWS = YES;
				GENERATE_INFOPLIST_FILE = YES;
				INFOPLIST_FILE = AnxietyNotesApp/Info.plist;
				"INFOPLIST_KEY_UIApplicationSceneManifest_Generation[sdk=iphoneos*]" = YES;
				"INFOPLIST_KEY_UIApplicationSceneManifest_Generation[sdk=iphonesimulator*]" = YES;
				"INFOPLIST_KEY_UIApplicationSupportsIndirectInputEvents[sdk=iphoneos*]" = YES;
				"INFOPLIST_KEY_UIApplicationSupportsIndirectInputEvents[sdk=iphonesimulator*]" = YES;
				"INFOPLIST_KEY_UILaunchScreen_Generation[sdk=iphoneos*]" = YES;
				"INFOPLIST_KEY_UILaunchScreen_Generation[sdk=iphonesimulator*]" = YES;
				"INFOPLIST_KEY_UIStatusBarStyle[sdk=iphoneos*]" = UIStatusBarStyleDefault;
				"INFOPLIST_KEY_UIStatusBarStyle[sdk=iphonesimulator*]" = UIStatusBarStyleDefault;
				INFOPLIST_KEY_UISupportedInterfaceOrientations_iPad = "UIInterfaceOrientationPortrait UIInterfaceOrientationPortraitUpsideDown UIInterfaceOrientationLandscapeLeft UIInterfaceOrientationLandscapeRight";
				INFOPLIST_KEY_UISupportedInterfaceOrientations_iPhone = "UIInterfaceOrientationPortrait UIInterfaceOrientationLandscapeLeft UIInterfaceOrientationLandscapeRight";
				IPHONEOS_DEPLOYMENT_TARGET = 17.2;
				LD_RUNPATH_SEARCH_PATHS = "@executable_path/Frameworks";
				"LD_RUNPATH_SEARCH_PATHS[sdk=macosx*]" = "@executable_path/../Frameworks";
				MACOSX_DEPLOYMENT_TARGET = 14.4;
				MARKETING_VERSION = 1.0;
				PRODUCT_BUNDLE_IDENTIFIER = NanoChallenge1Yellow1.AnxietyNotesApp;
				PRODUCT_NAME = "$(TARGET_NAME)";
				SDKROOT = auto;
				SUPPORTED_PLATFORMS = "iphoneos iphonesimulator macosx";
				SWIFT_EMIT_LOC_STRINGS = YES;
				SWIFT_VERSION = 5.0;
				TARGETED_DEVICE_FAMILY = "1,2";
			};
			name = Debug;
		};
		5F7C4DF22C3BF43F00182C18 /* Release */ = {
			isa = XCBuildConfiguration;
			buildSettings = {
				ALWAYS_EMBED_SWIFT_STANDARD_LIBRARIES = YES;
				ASSETCATALOG_COMPILER_APPICON_NAME = AppIcon;
				ASSETCATALOG_COMPILER_GLOBAL_ACCENT_COLOR_NAME = AccentColor;
				CODE_SIGN_ENTITLEMENTS = AnxietyNotesApp/AnxietyNotesApp.entitlements;
				CODE_SIGN_STYLE = Automatic;
				CURRENT_PROJECT_VERSION = 1;
				DEVELOPMENT_ASSET_PATHS = "\"AnxietyNotesApp/Preview Content\"";
				DEVELOPMENT_TEAM = RHGD2V8746;
				ENABLE_HARDENED_RUNTIME = YES;
				ENABLE_PREVIEWS = YES;
				GENERATE_INFOPLIST_FILE = YES;
				INFOPLIST_FILE = AnxietyNotesApp/Info.plist;
				"INFOPLIST_KEY_UIApplicationSceneManifest_Generation[sdk=iphoneos*]" = YES;
				"INFOPLIST_KEY_UIApplicationSceneManifest_Generation[sdk=iphonesimulator*]" = YES;
				"INFOPLIST_KEY_UIApplicationSupportsIndirectInputEvents[sdk=iphoneos*]" = YES;
				"INFOPLIST_KEY_UIApplicationSupportsIndirectInputEvents[sdk=iphonesimulator*]" = YES;
				"INFOPLIST_KEY_UILaunchScreen_Generation[sdk=iphoneos*]" = YES;
				"INFOPLIST_KEY_UILaunchScreen_Generation[sdk=iphonesimulator*]" = YES;
				"INFOPLIST_KEY_UIStatusBarStyle[sdk=iphoneos*]" = UIStatusBarStyleDefault;
				"INFOPLIST_KEY_UIStatusBarStyle[sdk=iphonesimulator*]" = UIStatusBarStyleDefault;
				INFOPLIST_KEY_UISupportedInterfaceOrientations_iPad = "UIInterfaceOrientationPortrait UIInterfaceOrientationPortraitUpsideDown UIInterfaceOrientationLandscapeLeft UIInterfaceOrientationLandscapeRight";
				INFOPLIST_KEY_UISupportedInterfaceOrientations_iPhone = "UIInterfaceOrientationPortrait UIInterfaceOrientationLandscapeLeft UIInterfaceOrientationLandscapeRight";
				IPHONEOS_DEPLOYMENT_TARGET = 17.2;
				LD_RUNPATH_SEARCH_PATHS = "@executable_path/Frameworks";
				"LD_RUNPATH_SEARCH_PATHS[sdk=macosx*]" = "@executable_path/../Frameworks";
				MACOSX_DEPLOYMENT_TARGET = 14.4;
				MARKETING_VERSION = 1.0;
				PRODUCT_BUNDLE_IDENTIFIER = NanoChallenge1Yellow1.AnxietyNotesApp;
				PRODUCT_NAME = "$(TARGET_NAME)";
				SDKROOT = auto;
				SUPPORTED_PLATFORMS = "iphoneos iphonesimulator macosx";
				SWIFT_EMIT_LOC_STRINGS = YES;
				SWIFT_VERSION = 5.0;
				TARGETED_DEVICE_FAMILY = "1,2";
			};
			name = Release;
		};
		BF8E06E52C427E2800DF5234 /* Debug */ = {
			isa = XCBuildConfiguration;
			buildSettings = {
				ASSETCATALOG_COMPILER_GLOBAL_ACCENT_COLOR_NAME = AccentColor;
				ASSETCATALOG_COMPILER_WIDGET_BACKGROUND_COLOR_NAME = WidgetBackground;
				CODE_SIGN_ENTITLEMENTS = NewNoteWidgetExtension.entitlements;
				CODE_SIGN_STYLE = Automatic;
				CURRENT_PROJECT_VERSION = 1;
				DEVELOPMENT_TEAM = RHGD2V8746;
				GENERATE_INFOPLIST_FILE = YES;
				INFOPLIST_FILE = NewNoteWidget/Info.plist;
				INFOPLIST_KEY_CFBundleDisplayName = NewNoteWidget;
				INFOPLIST_KEY_NSHumanReadableCopyright = "";
				IPHONEOS_DEPLOYMENT_TARGET = 17.2;
				LD_RUNPATH_SEARCH_PATHS = (
					"$(inherited)",
					"@executable_path/Frameworks",
					"@executable_path/../../Frameworks",
				);
				MARKETING_VERSION = 1.0;
				PRODUCT_BUNDLE_IDENTIFIER = NanoChallenge1Yellow1.AnxietyNotesApp.NewNoteWidget;
				PRODUCT_NAME = "$(TARGET_NAME)";
				SDKROOT = iphoneos;
				SKIP_INSTALL = YES;
				SWIFT_EMIT_LOC_STRINGS = YES;
				SWIFT_VERSION = 5.0;
				TARGETED_DEVICE_FAMILY = "1,2";
			};
			name = Debug;
		};
		BF8E06E62C427E2800DF5234 /* Release */ = {
			isa = XCBuildConfiguration;
			buildSettings = {
				ASSETCATALOG_COMPILER_GLOBAL_ACCENT_COLOR_NAME = AccentColor;
				ASSETCATALOG_COMPILER_WIDGET_BACKGROUND_COLOR_NAME = WidgetBackground;
				CODE_SIGN_ENTITLEMENTS = NewNoteWidgetExtension.entitlements;
				CODE_SIGN_STYLE = Automatic;
				CURRENT_PROJECT_VERSION = 1;
				DEVELOPMENT_TEAM = RHGD2V8746;
				GENERATE_INFOPLIST_FILE = YES;
				INFOPLIST_FILE = NewNoteWidget/Info.plist;
				INFOPLIST_KEY_CFBundleDisplayName = NewNoteWidget;
				INFOPLIST_KEY_NSHumanReadableCopyright = "";
				IPHONEOS_DEPLOYMENT_TARGET = 17.2;
				LD_RUNPATH_SEARCH_PATHS = (
					"$(inherited)",
					"@executable_path/Frameworks",
					"@executable_path/../../Frameworks",
				);
				MARKETING_VERSION = 1.0;
				PRODUCT_BUNDLE_IDENTIFIER = NanoChallenge1Yellow1.AnxietyNotesApp.NewNoteWidget;
				PRODUCT_NAME = "$(TARGET_NAME)";
				SDKROOT = iphoneos;
				SKIP_INSTALL = YES;
				SWIFT_EMIT_LOC_STRINGS = YES;
				SWIFT_VERSION = 5.0;
				TARGETED_DEVICE_FAMILY = "1,2";
				VALIDATE_PRODUCT = YES;
			};
			name = Release;
		};
/* End XCBuildConfiguration section */

/* Begin XCConfigurationList section */
		5F7C4DDC2C3BF43E00182C18 /* Build configuration list for PBXProject "AnxietyNotesApp" */ = {
			isa = XCConfigurationList;
			buildConfigurations = (
				5F7C4DEE2C3BF43F00182C18 /* Debug */,
				5F7C4DEF2C3BF43F00182C18 /* Release */,
			);
			defaultConfigurationIsVisible = 0;
			defaultConfigurationName = Release;
		};
		5F7C4DF02C3BF43F00182C18 /* Build configuration list for PBXNativeTarget "AnxietyNotesApp" */ = {
			isa = XCConfigurationList;
			buildConfigurations = (
				5F7C4DF12C3BF43F00182C18 /* Debug */,
				5F7C4DF22C3BF43F00182C18 /* Release */,
			);
			defaultConfigurationIsVisible = 0;
			defaultConfigurationName = Release;
		};
		BF8E06E42C427E2800DF5234 /* Build configuration list for PBXNativeTarget "NewNoteWidgetExtension" */ = {
			isa = XCConfigurationList;
			buildConfigurations = (
				BF8E06E52C427E2800DF5234 /* Debug */,
				BF8E06E62C427E2800DF5234 /* Release */,
			);
			defaultConfigurationIsVisible = 0;
			defaultConfigurationName = Release;
		};
/* End XCConfigurationList section */
	};
	rootObject = 5F7C4DD92C3BF43E00182C18 /* Project object */;
}
